
Microsoft Visual Studio Solution File, Format Version 12.00
# Visual Studio 15
VisualStudioVersion = 15.0.26711.1
MinimumVisualStudioVersion = 10.0.40219.1
Project("{FAE04EC0-301F-11D3-BF4B-00C04F79EFBC}") = "MvcMoviePreview1", "MvcMoviePreview1\MvcMoviePreview1.csproj", "{95FAEA79-DE4E-4124-91DA-2ABB95C119B0}"
EndProject
Global
	GlobalSection(SolutionConfigurationPlatforms) = preSolution
		Debug|Any CPU = Debug|Any CPU
		Release|Any CPU = Release|Any CPU
	EndGlobalSection
	GlobalSection(ProjectConfigurationPlatforms) = postSolution
		{95FAEA79-DE4E-4124-91DA-2ABB95C119B0}.Debug|Any CPU.ActiveCfg = Debug|Any CPU
		{95FAEA79-DE4E-4124-91DA-2ABB95C119B0}.Debug|Any CPU.Build.0 = Debug|Any CPU
		{95FAEA79-DE4E-4124-91DA-2ABB95C119B0}.Release|Any CPU.ActiveCfg = Release|Any CPU
		{95FAEA79-DE4E-4124-91DA-2ABB95C119B0}.Release|Any CPU.Build.0 = Release|Any CPU
	EndGlobalSection
	GlobalSection(SolutionProperties) = preSolution
		HideSolutionNode = FALSE
	EndGlobalSection
	GlobalSection(ExtensibilityGlobals) = postSolution
		SolutionGuid = {6271C784-F307-420B-BE5E-73AB74998B96}
	EndGlobalSection
EndGlobal
